
Microsoft Visual Studio Solution File, Format Version 12.00
# Visual Studio 2012
Project("{FAE04EC0-301F-11D3-BF4B-00C04F79EFBC}") = "HelloButtonModule", "HelloButtonModule\HelloButtonModule.csproj", "{D09B177B-F983-4249-B639-E9A67249D2FF}"
EndProject
Global
	GlobalSection(SolutionConfigurationPlatforms) = preSolution
		Debug|Any CPU = Debug|Any CPU
		Release|Any CPU = Release|Any CPU
	EndGlobalSection
	GlobalSection(ProjectConfigurationPlatforms) = postSolution
		{D09B177B-F983-4249-B639-E9A67249D2FF}.Debug|Any CPU.ActiveCfg = Debug|Any CPU
		{D09B177B-F983-4249-B639-E9A67249D2FF}.Debug|Any CPU.Build.0 = Debug|Any CPU
		{D09B177B-F983-4249-B639-E9A67249D2FF}.Debug|Any CPU.Deploy.0 = Debug|Any CPU
		{D09B177B-F983-4249-B639-E9A67249D2FF}.Release|Any CPU.ActiveCfg = Release|Any CPU
		{D09B177B-F983-4249-B639-E9A67249D2FF}.Release|Any CPU.Build.0 = Release|Any CPU
		{D09B177B-F983-4249-B639-E9A67249D2FF}.Release|Any CPU.Deploy.0 = Release|Any CPU
	EndGlobalSection
	GlobalSection(SolutionProperties) = preSolution
		HideSolutionNode = FALSE
	EndGlobalSection
EndGlobal
